// !$*UTF8*$!
{
	archiveVersion = 1;
	classes = {
	};
	objectVersion = 46;
	objects = {

/* Begin PBXBuildFile section */
		067BCCE41CA12CC8004C6815 /* AppDelegate.swift in Sources */ = {isa = PBXBuildFile; fileRef = 067BCCE31CA12CC8004C6815 /* AppDelegate.swift */; };
		067BCCE61CA12CC8004C6815 /* ViewController.swift in Sources */ = {isa = PBXBuildFile; fileRef = 067BCCE51CA12CC8004C6815 /* ViewController.swift */; };
		067BCCE91CA12CC8004C6815 /* Main.storyboard in Resources */ = {isa = PBXBuildFile; fileRef = 067BCCE71CA12CC8004C6815 /* Main.storyboard */; };
		067BCCEB1CA12CC8004C6815 /* Assets.xcassets in Resources */ = {isa = PBXBuildFile; fileRef = 067BCCEA1CA12CC8004C6815 /* Assets.xcassets */; };
		067BCCEE1CA12CC8004C6815 /* LaunchScreen.storyboard in Resources */ = {isa = PBXBuildFile; fileRef = 067BCCEC1CA12CC8004C6815 /* LaunchScreen.storyboard */; };
/* End PBXBuildFile section */

/* Begin PBXFileReference section */
		067BCCE01CA12CC8004C6815 /* fakeTwitter.app */ = {isa = PBXFileReference; explicitFileType = wrapper.application; includeInIndex = 0; path = fakeTwitter.app; sourceTree = BUILT_PRODUCTS_DIR; };
		067BCCE31CA12CC8004C6815 /* AppDelegate.swift */ = {isa = PBXFileReference; lastKnownFileType = sourcecode.swift; path = AppDelegate.swift; sourceTree = "<group>"; };
		067BCCE51CA12CC8004C6815 /* ViewController.swift */ = {isa = PBXFileReference; lastKnownFileType = sourcecode.swift; path = ViewController.swift; sourceTree = "<group>"; };
		067BCCE81CA12CC8004C6815 /* Base */ = {isa = PBXFileReference; lastKnownFileType = file.storyboard; name = Base; path = Base.lproj/Main.storyboard; sourceTree = "<group>"; };
		067BCCEA1CA12CC8004C6815 /* Assets.xcassets */ = {isa = PBXFileReference; lastKnownFileType = folder.assetcatalog; path = Assets.xcassets; sourceTree = "<group>"; };
		067BCCED1CA12CC8004C6815 /* Base */ = {isa = PBXFileReference; lastKnownFileType = file.storyboard; name = Base; path = Base.lproj/LaunchScreen.storyboard; sourceTree = "<group>"; };
		067BCCEF1CA12CC8004C6815 /* Info.plist */ = {isa = PBXFileReference; lastKnownFileType = text.plist.xml; path = Info.plist; sourceTree = "<group>"; };
/* End PBXFileReference section */

/* Begin PBXFrameworksBuildPhase section */
		067BCCDD1CA12CC8004C6815 /* Frameworks */ = {
			isa = PBXFrameworksBuildPhase;
			buildActionMask = 2147483647;
			files = (
			);
			runOnlyForDeploymentPostprocessing = 0;
		};
/* End PBXFrameworksBuildPhase section */

/* Begin PBXGroup section */
		067BCCD71CA12CC8004C6815 = {
			isa = PBXGroup;
			children = (
				067BCCE21CA12CC8004C6815 /* fakeTwitter */,
				067BCCE11CA12CC8004C6815 /* Products */,
			);
			sourceTree = "<group>";
		};
		067BCCE11CA12CC8004C6815 /* Products */ = {
			isa = PBXGroup;
			children = (
				067BCCE01CA12CC8004C6815 /* fakeTwitter.app */,
			);
			name = Products;
			sourceTree = "<group>";
		};
		067BCCE21CA12CC8004C6815 /* fakeTwitter */ = {
			isa = PBXGroup;
			children = (
				067BCCE31CA12CC8004C6815 /* AppDelegate.swift */,
				067BCCE51CA12CC8004C6815 /* ViewController.swift */,
				067BCCE71CA12CC8004C6815 /* Main.storyboard */,
				067BCCEA1CA12CC8004C6815 /* Assets.xcassets */,
				067BCCEC1CA12CC8004C6815 /* LaunchScreen.storyboard */,
				067BCCEF1CA12CC8004C6815 /* Info.plist */,
			);
			path = fakeTwitter;
			sourceTree = "<group>";
		};
/* End PBXGroup section */

/* Begin PBXNativeTarget section */
		067BCCDF1CA12CC8004C6815 /* fakeTwitter */ = {
			isa = PBXNativeTarget;
			buildConfigurationList = 067BCCF21CA12CC8004C6815 /* Build configuration list for PBXNativeTarget "fakeTwitter" */;
			buildPhases = (
				067BCCDC1CA12CC8004C6815 /* Sources */,
				067BCCDD1CA12CC8004C6815 /* Frameworks */,
				067BCCDE1CA12CC8004C6815 /* Resources */,
			);
			buildRules = (
			);
			dependencies = (
			);
			name = fakeTwitter;
			productName = fakeTwitter;
			productReference = 067BCCE01CA12CC8004C6815 /* fakeTwitter.app */;
			productType = "com.apple.product-type.application";
		};
/* End PBXNativeTarget section */

/* Begin PBXProject section */
		067BCCD81CA12CC8004C6815 /* Project object */ = {
			isa = PBXProject;
			attributes = {
				LastSwiftUpdateCheck = 0730;
				LastUpgradeCheck = 0730;
				ORGANIZATIONNAME = "Nhat Truong";
				TargetAttributes = {
					067BCCDF1CA12CC8004C6815 = {
						CreatedOnToolsVersion = 7.3;
						DevelopmentTeam = T34HEQQ8ZH;
					};
				};
			};
			buildConfigurationList = 067BCCDB1CA12CC8004C6815 /* Build configuration list for PBXProject "fakeTwitter" */;
			compatibilityVersion = "Xcode 3.2";
			developmentRegion = English;
			hasScannedForEncodings = 0;
			knownRegions = (
				en,
				Base,
			);
			mainGroup = 067BCCD71CA12CC8004C6815;
			productRefGroup = 067BCCE11CA12CC8004C6815 /* Products */;
			projectDirPath = "";
			projectRoot = "";
			targets = (
				067BCCDF1CA12CC8004C6815 /* fakeTwitter */,
			);
		};
/* End PBXProject section */

/* Begin PBXResourcesBuildPhase section */
		067BCCDE1CA12CC8004C6815 /* Resources */ = {
			isa = PBXResourcesBuildPhase;
			buildActionMask = 2147483647;
			files = (
				067BCCEE1CA12CC8004C6815 /* LaunchScreen.storyboard in Resources */,
				067BCCEB1CA12CC8004C6815 /* Assets.xcassets in Resources */,
				067BCCE91CA12CC8004C6815 /* Main.storyboard in Resources */,
			);
			runOnlyForDeploymentPostprocessing = 0;
		};
/* End PBXResourcesBuildPhase section */

/* Begin PBXSourcesBuildPhase section */
		067BCCDC1CA12CC8004C6815 /* Sources */ = {
			isa = PBXSourcesBuildPhase;
			buildActionMask = 2147483647;
			files = (
				067BCCE61CA12CC8004C6815 /* ViewController.swift in Sources */,
				067BCCE41CA12CC8004C6815 /* AppDelegate.swift in Sources */,
			);
			runOnlyForDeploymentPostprocessing = 0;
		};
/* End PBXSourcesBuildPhase section */

/* Begin PBXVariantGroup section */
		067BCCE71CA12CC8004C6815 /* Main.storyboard */ = {
			isa = PBXVariantGroup;
			children = (
				067BCCE81CA12CC8004C6815 /* Base */,
			);
			name = Main.storyboard;
			sourceTree = "<group>";
		};
		067BCCEC1CA12CC8004C6815 /* LaunchScreen.storyboard */ = {
			isa = PBXVariantGroup;
			children = (
				067BCCED1CA12CC8004C6815 /* Base */,
			);
			name = LaunchScreen.storyboard;
			sourceTree = "<group>";
		};
/* End PBXVariantGroup section */

/* Begin XCBuildConfiguration section */
		067BCCF01CA12CC8004C6815 /* Debug */ = {
			isa = XCBuildConfiguration;
			buildSettings = {
				ALWAYS_SEARCH_USER_PATHS = NO;
				CLANG_ANALYZER_NONNULL = YES;
				CLANG_CXX_LANGUAGE_STANDARD = "gnu++0x";
				CLANG_CXX_LIBRARY = "libc++";
				CLANG_ENABLE_MODULES = YES;
				CLANG_ENABLE_OBJC_ARC = YES;
				CLANG_WARN_BOOL_CONVERSION = YES;
				CLANG_WARN_CONSTANT_CONVERSION = YES;
				CLANG_WARN_DIRECT_OBJC_ISA_USAGE = YES_ERROR;
				CLANG_WARN_EMPTY_BODY = YES;
				CLANG_WARN_ENUM_CONVERSION = YES;
				CLANG_WARN_INT_CONVERSION = YES;
				CLANG_WARN_OBJC_ROOT_CLASS = YES_ERROR;
				CLANG_WARN_UNREACHABLE_CODE = YES;
				CLANG_WARN__DUPLICATE_METHOD_MATCH = YES;
				"CODE_SIGN_IDENTITY[sdk=iphoneos*]" = "iPhone Developer";
				COPY_PHASE_STRIP = NO;
				DEBUG_INFORMATION_FORMAT = dwarf;
				ENABLE_STRICT_OBJC_MSGSEND = YES;
				ENABLE_TESTABILITY = YES;
				GCC_C_LANGUAGE_STANDARD = gnu99;
				GCC_DYNAMIC_NO_PIC = NO;
				GCC_NO_COMMON_BLOCKS = YES;
				GCC_OPTIMIZATION_LEVEL = 0;
				GCC_PREPROCESSOR_DEFINITIONS = (
					"DEBUG=1",
					"$(inherited)",
				);
				GCC_WARN_64_TO_32_BIT_CONVERSION = YES;
				GCC_WARN_ABOUT_RETURN_TYPE = YES_ERROR;
				GCC_WARN_UNDECLARED_SELECTOR = YES;
				GCC_WARN_UNINITIALIZED_AUTOS = YES_AGGRESSIVE;
				GCC_WARN_UNUSED_FUNCTION = YES;
				GCC_WARN_UNUSED_VARIABLE = YES;
				IPHONEOS_DEPLOYMENT_TARGET = 9.3;
				MTL_ENABLE_DEBUG_INFO = YES;
				ONLY_ACTIVE_ARCH = YES;
				SDKROOT = iphoneos;
				SWIFT_OPTIMIZATION_LEVEL = "-Onone";
			};
			name = Debug;
		};
		067BCCF11CA12CC8004C6815 /* Release */ = {
			isa = XCBuildConfiguration;
			buildSettings = {
				ALWAYS_SEARCH_USER_PATHS = NO;
				CLANG_ANALYZER_NONNULL = YES;
				CLANG_CXX_LANGUAGE_STANDARD = "gnu++0x";
				CLANG_CXX_LIBRARY = "libc++";
				CLANG_ENABLE_MODULES = YES;
				CLANG_ENABLE_OBJC_ARC = YES;
				CLANG_WARN_BOOL_CONVERSION = YES;
				CLANG_WARN_CONSTANT_CONVERSION = YES;
				CLANG_WARN_DIRECT_OBJC_ISA_USAGE = YES_ERROR;
				CLANG_WARN_EMPTY_BODY = YES;
				CLANG_WARN_ENUM_CONVERSION = YES;
				CLANG_WARN_INT_CONVERSION = YES;
				CLANG_WARN_OBJC_ROOT_CLASS = YES_ERROR;
				CLANG_WARN_UNREACHABLE_CODE = YES;
				CLANG_WARN__DUPLICATE_METHOD_MATCH = YES;
				"CODE_SIGN_IDENTITY[sdk=iphoneos*]" = "iPhone Developer";
				COPY_PHASE_STRIP = NO;
				DEBUG_INFORMATION_FORMAT = "dwarf-with-dsym";
				ENABLE_NS_ASSERTIONS = NO;
				ENABLE_STRICT_OBJC_MSGSEND = YES;
				GCC_C_LANGUAGE_STANDARD = gnu99;
				GCC_NO_COMMON_BLOCKS = YES;
				GCC_WARN_64_TO_32_BIT_CONVERSION = YES;
				GCC_WARN_ABOUT_RETURN_TYPE = YES_ERROR;
				GCC_WARN_UNDECLARED_SELECTOR = YES;
				GCC_WARN_UNINITIALIZED_AUTOS = YES_AGGRESSIVE;
				GCC_WARN_UNUSED_FUNCTION = YES;
				GCC_WARN_UNUSED_VARIABLE = YES;
				IPHONEOS_DEPLOYMENT_TARGET = 9.3;
				MTL_ENABLE_DEBUG_INFO = NO;
				SDKROOT = iphoneos;
				VALIDATE_PRODUCT = YES;
			};
			name = Release;
		};
		067BCCF31CA12CC8004C6815 /* Debug */ = {
			isa = XCBuildConfiguration;
			buildSettings = {
				ASSETCATALOG_COMPILER_APPICON_NAME = AppIcon;
				INFOPLIST_FILE = fakeTwitter/Info.plist;
				LD_RUNPATH_SEARCH_PATHS = "$(inherited) @executable_path/Frameworks";
				PRODUCT_BUNDLE_IDENTIFIER = com.nhattruong.fakeTwitter;
				PRODUCT_NAME = "$(TARGET_NAME)";
			};
			name = Debug;
		};
		067BCCF41CA12CC8004C6815 /* Release */ = {
			isa = XCBuildConfiguration;
			buildSettings = {
				ASSETCATALOG_COMPILER_APPICON_NAME = AppIcon;
				INFOPLIST_FILE = fakeTwitter/Info.plist;
				LD_RUNPATH_SEARCH_PATHS = "$(inherited) @executable_path/Frameworks";
				PRODUCT_BUNDLE_IDENTIFIER = com.nhattruong.fakeTwitter;
				PRODUCT_NAME = "$(TARGET_NAME)";
			};
			name = Release;
		};
/* End XCBuildConfiguration section */

/* Begin XCConfigurationList section */
		067BCCDB1CA12CC8004C6815 /* Build configuration list for PBXProject "fakeTwitter" */ = {
			isa = XCConfigurationList;
			buildConfigurations = (
				067BCCF01CA12CC8004C6815 /* Debug */,
				067BCCF11CA12CC8004C6815 /* Release */,
			);
			defaultConfigurationIsVisible = 0;
			defaultConfigurationName = Release;
		};
		067BCCF21CA12CC8004C6815 /* Build configuration list for PBXNativeTarget "fakeTwitter" */ = {
			isa = XCConfigurationList;
			buildConfigurations = (
				067BCCF31CA12CC8004C6815 /* Debug */,
				067BCCF41CA12CC8004C6815 /* Release */,
			);
			defaultConfigurationIsVisible = 0;
		};
/* End XCConfigurationList section */
	};
	rootObject = 067BCCD81CA12CC8004C6815 /* Project object */;
}
